
Microsoft Visual Studio Solution File, Format Version 12.00
# Visual Studio Version 16
VisualStudioVersion = 16.0.31313.79
MinimumVisualStudioVersion = 10.0.40219.1
Project("{FAE04EC0-301F-11D3-BF4B-00C04F79EFBC}") = "TaskApp", "TaskApp\TaskApp.csproj", "{220F6C31-81D0-497A-956D-25C53D09B834}"
EndProject
Global
	GlobalSection(SolutionConfigurationPlatforms) = preSolution
		Debug|Any CPU = Debug|Any CPU
		Release|Any CPU = Release|Any CPU
	EndGlobalSection
	GlobalSection(ProjectConfigurationPlatforms) = postSolution
		{220F6C31-81D0-497A-956D-25C53D09B834}.Debug|Any CPU.ActiveCfg = Debug|Any CPU
		{220F6C31-81D0-497A-956D-25C53D09B834}.Debug|Any CPU.Build.0 = Debug|Any CPU
		{220F6C31-81D0-497A-956D-25C53D09B834}.Release|Any CPU.ActiveCfg = Release|Any CPU
		{220F6C31-81D0-497A-956D-25C53D09B834}.Release|Any CPU.Build.0 = Release|Any CPU
	EndGlobalSection
	GlobalSection(SolutionProperties) = preSolution
		HideSolutionNode = FALSE
	EndGlobalSection
	GlobalSection(ExtensibilityGlobals) = postSolution
		SolutionGuid = {0AE10705-2DBE-4C61-B310-31780B9011A1}
	EndGlobalSection
EndGlobal
